
Microsoft Visual Studio Solution File, Format Version 12.00
# Visual Studio Version 16
VisualStudioVersion = 16.0.31624.102
MinimumVisualStudioVersion = 10.0.40219.1
Project("{FAE04EC0-301F-11D3-BF4B-00C04F79EFBC}") = "Entities", "Entities\Entities.csproj", "{C4205C40-C3D6-4C40-9AF0-26EA7A11C2F1}"
EndProject
Project("{FAE04EC0-301F-11D3-BF4B-00C04F79EFBC}") = "DataAccess", "DataAccess\DataAccess.csproj", "{BCA865DC-1E07-4810-8FBF-2F17D0E32611}"
EndProject
Project("{FAE04EC0-301F-11D3-BF4B-00C04F79EFBC}") = "Business", "Business\Business.csproj", "{6BA3906E-D8F5-46EB-9093-BB552ABADBE6}"
EndProject
Project("{FAE04EC0-301F-11D3-BF4B-00C04F79EFBC}") = "Core", "Core\Core.csproj", "{40D2D5C6-C1C9-4048-AB11-08D91956A104}"
EndProject
Project("{FAE04EC0-301F-11D3-BF4B-00C04F79EFBC}") = "WebAPI", "WebAPI\WebAPI.csproj", "{8C469403-CA71-49B1-B9FC-41F0C32732CA}"
EndProject
Global
	GlobalSection(SolutionConfigurationPlatforms) = preSolution
		Debug|Any CPU = Debug|Any CPU
		Release|Any CPU = Release|Any CPU
	EndGlobalSection
	GlobalSection(ProjectConfigurationPlatforms) = postSolution
		{C4205C40-C3D6-4C40-9AF0-26EA7A11C2F1}.Debug|Any CPU.ActiveCfg = Debug|Any CPU
		{C4205C40-C3D6-4C40-9AF0-26EA7A11C2F1}.Debug|Any CPU.Build.0 = Debug|Any CPU
		{C4205C40-C3D6-4C40-9AF0-26EA7A11C2F1}.Release|Any CPU.ActiveCfg = Release|Any CPU
		{C4205C40-C3D6-4C40-9AF0-26EA7A11C2F1}.Release|Any CPU.Build.0 = Release|Any CPU
		{BCA865DC-1E07-4810-8FBF-2F17D0E32611}.Debug|Any CPU.ActiveCfg = Debug|Any CPU
		{BCA865DC-1E07-4810-8FBF-2F17D0E32611}.Debug|Any CPU.Build.0 = Debug|Any CPU
		{BCA865DC-1E07-4810-8FBF-2F17D0E32611}.Release|Any CPU.ActiveCfg = Release|Any CPU
		{BCA865DC-1E07-4810-8FBF-2F17D0E32611}.Release|Any CPU.Build.0 = Release|Any CPU
		{6BA3906E-D8F5-46EB-9093-BB552ABADBE6}.Debug|Any CPU.ActiveCfg = Debug|Any CPU
		{6BA3906E-D8F5-46EB-9093-BB552ABADBE6}.Debug|Any CPU.Build.0 = Debug|Any CPU
		{6BA3906E-D8F5-46EB-9093-BB552ABADBE6}.Release|Any CPU.ActiveCfg = Release|Any CPU
		{6BA3906E-D8F5-46EB-9093-BB552ABADBE6}.Release|Any CPU.Build.0 = Release|Any CPU
		{40D2D5C6-C1C9-4048-AB11-08D91956A104}.Debug|Any CPU.ActiveCfg = Debug|Any CPU
		{40D2D5C6-C1C9-4048-AB11-08D91956A104}.Debug|Any CPU.Build.0 = Debug|Any CPU
		{40D2D5C6-C1C9-4048-AB11-08D91956A104}.Release|Any CPU.ActiveCfg = Release|Any CPU
		{40D2D5C6-C1C9-4048-AB11-08D91956A104}.Release|Any CPU.Build.0 = Release|Any CPU
		{8C469403-CA71-49B1-B9FC-41F0C32732CA}.Debug|Any CPU.ActiveCfg = Debug|Any CPU
		{8C469403-CA71-49B1-B9FC-41F0C32732CA}.Debug|Any CPU.Build.0 = Debug|Any CPU
		{8C469403-CA71-49B1-B9FC-41F0C32732CA}.Release|Any CPU.ActiveCfg = Release|Any CPU
		{8C469403-CA71-49B1-B9FC-41F0C32732CA}.Release|Any CPU.Build.0 = Release|Any CPU
	EndGlobalSection
	GlobalSection(SolutionProperties) = preSolution
		HideSolutionNode = FALSE
	EndGlobalSection
	GlobalSection(ExtensibilityGlobals) = postSolution
		SolutionGuid = {CA042777-5EC7-4A26-989D-2F982B3772AE}
	EndGlobalSection
EndGlobal
